Microsoft Visual Studio Solution File, Format Version 12.00
# Visual Studio Version 17
VisualStudioVersion = 17.5.2.0
MinimumVisualStudioVersion = 10.0.40219.1
Project("{FAE04EC0-301F-11D3-BF4B-00C04F79EFBC}") = "dashboardtask", "dashboardtask.csproj", "{7442F394-C05D-495D-C325-0310FF2A7843}"
EndProject
Global
	GlobalSection(SolutionConfigurationPlatforms) = preSolution
		Debug|Any CPU = Debug|Any CPU
		Release|Any CPU = Release|Any CPU
	EndGlobalSection
	GlobalSection(ProjectConfigurationPlatforms) = postSolution
		{7442F394-C05D-495D-C325-0310FF2A7843}.Debug|Any CPU.ActiveCfg = Debug|Any CPU
		{7442F394-C05D-495D-C325-0310FF2A7843}.Debug|Any CPU.Build.0 = Debug|Any CPU
		{7442F394-C05D-495D-C325-0310FF2A7843}.Release|Any CPU.ActiveCfg = Release|Any CPU
		{7442F394-C05D-495D-C325-0310FF2A7843}.Release|Any CPU.Build.0 = Release|Any CPU
	EndGlobalSection
	GlobalSection(SolutionProperties) = preSolution
		HideSolutionNode = FALSE
	EndGlobalSection
	GlobalSection(ExtensibilityGlobals) = postSolution
		SolutionGuid = {7C81FDFE-F451-40D7-8C68-81FF05F476F7}
	EndGlobalSection
EndGlobal
